
Microsoft Visual Studio Solution File, Format Version 12.00
# Visual Studio Version 16
VisualStudioVersion = 16.0.30711.63
MinimumVisualStudioVersion = 10.0.40219.1
Project("{8BC9CEB8-8B4A-11D0-8D11-00A0C91BC942}") = "Sandbox", "..\Sandbox\Sandbox.vcxproj", "{13E29DC4-50CD-45A5-8999-A5418E19E6F9}"
EndProject
Project("{8BC9CEB8-8B4A-11D0-8D11-00A0C91BC942}") = "Neural", "Neural.vcxproj", "{E1721BC2-CB29-40ED-8092-C97ABD5E5D92}"
EndProject
Global
	GlobalSection(SolutionConfigurationPlatforms) = preSolution
		Debug|x64 = Debug|x64
		Release|x64 = Release|x64
	EndGlobalSection
	GlobalSection(ProjectConfigurationPlatforms) = postSolution
		{13E29DC4-50CD-45A5-8999-A5418E19E6F9}.Debug|x64.ActiveCfg = Debug|x64
		{13E29DC4-50CD-45A5-8999-A5418E19E6F9}.Debug|x64.Build.0 = Debug|x64
		{13E29DC4-50CD-45A5-8999-A5418E19E6F9}.Release|x64.ActiveCfg = Release|x64
		{13E29DC4-50CD-45A5-8999-A5418E19E6F9}.Release|x64.Build.0 = Release|x64
		{E1721BC2-CB29-40ED-8092-C97ABD5E5D92}.Debug|x64.ActiveCfg = Debug|x64
		{E1721BC2-CB29-40ED-8092-C97ABD5E5D92}.Debug|x64.Build.0 = Debug|x64
		{E1721BC2-CB29-40ED-8092-C97ABD5E5D92}.Release|x64.ActiveCfg = Release|x64
		{E1721BC2-CB29-40ED-8092-C97ABD5E5D92}.Release|x64.Build.0 = Release|x64
	EndGlobalSection
	GlobalSection(SolutionProperties) = preSolution
		HideSolutionNode = FALSE
	EndGlobalSection
	GlobalSection(ExtensibilityGlobals) = postSolution
		SolutionGuid = {A53AFEC4-12EF-42DB-B2DB-A097E7E57491}
	EndGlobalSection
EndGlobal
